
Microsoft Visual Studio Solution File, Format Version 12.00
# Visual Studio 15
VisualStudioVersion = 15.0.28307.421
MinimumVisualStudioVersion = 10.0.40219.1
Project("{8BC9CEB8-8B4A-11D0-8D11-00A0C91BC942}") = "lab_11_str", "lab_11_str\lab_11_str.vcxproj", "{19EB33F0-C8A2-4313-91C8-E85EC193C666}"
EndProject
Global
	GlobalSection(SolutionConfigurationPlatforms) = preSolution
		Debug|x64 = Debug|x64
		Debug|x86 = Debug|x86
		Release|x64 = Release|x64
		Release|x86 = Release|x86
	EndGlobalSection
	GlobalSection(ProjectConfigurationPlatforms) = postSolution
		{19EB33F0-C8A2-4313-91C8-E85EC193C666}.Debug|x64.ActiveCfg = Debug|x64
		{19EB33F0-C8A2-4313-91C8-E85EC193C666}.Debug|x64.Build.0 = Debug|x64
		{19EB33F0-C8A2-4313-91C8-E85EC193C666}.Debug|x86.ActiveCfg = Debug|Win32
		{19EB33F0-C8A2-4313-91C8-E85EC193C666}.Debug|x86.Build.0 = Debug|Win32
		{19EB33F0-C8A2-4313-91C8-E85EC193C666}.Release|x64.ActiveCfg = Release|x64
		{19EB33F0-C8A2-4313-91C8-E85EC193C666}.Release|x64.Build.0 = Release|x64
		{19EB33F0-C8A2-4313-91C8-E85EC193C666}.Release|x86.ActiveCfg = Release|Win32
		{19EB33F0-C8A2-4313-91C8-E85EC193C666}.Release|x86.Build.0 = Release|Win32
	EndGlobalSection
	GlobalSection(SolutionProperties) = preSolution
		HideSolutionNode = FALSE
	EndGlobalSection
	GlobalSection(ExtensibilityGlobals) = postSolution
		SolutionGuid = {E1D7E696-F1CE-410E-882A-140290FCB5A0}
	EndGlobalSection
EndGlobal
